
Microsoft Visual Studio Solution File, Format Version 12.00
# Visual Studio 15
VisualStudioVersion = 15.0.26430.13
MinimumVisualStudioVersion = 10.0.40219.1
Project("{FAE04EC0-301F-11D3-BF4B-00C04F79EFBC}") = "HistoricalGUI", "HistoricalGUI\HistoricalGUI.csproj", "{BF2BCFD9-3A8B-4BBD-AF04-AC464BEA7909}"
EndProject
Global
	GlobalSection(SolutionConfigurationPlatforms) = preSolution
		Debug|Any CPU = Debug|Any CPU
		Release|Any CPU = Release|Any CPU
	EndGlobalSection
	GlobalSection(ProjectConfigurationPlatforms) = postSolution
		{BF2BCFD9-3A8B-4BBD-AF04-AC464BEA7909}.Debug|Any CPU.ActiveCfg = Debug|Any CPU
		{BF2BCFD9-3A8B-4BBD-AF04-AC464BEA7909}.Debug|Any CPU.Build.0 = Debug|Any CPU
		{BF2BCFD9-3A8B-4BBD-AF04-AC464BEA7909}.Release|Any CPU.ActiveCfg = Release|Any CPU
		{BF2BCFD9-3A8B-4BBD-AF04-AC464BEA7909}.Release|Any CPU.Build.0 = Release|Any CPU
	EndGlobalSection
	GlobalSection(SolutionProperties) = preSolution
		HideSolutionNode = FALSE
	EndGlobalSection
EndGlobal
